
Microsoft Visual Studio Solution File, Format Version 12.00
# Visual Studio Version 16
VisualStudioVersion = 16.0.30406.217
MinimumVisualStudioVersion = 10.0.40219.1
Project("{9A19103F-16F7-4668-BE54-9A1E7A4F7556}") = "selenium-parallel-test-nunit", "selenium-parallel-test-nunit\selenium-parallel-test-nunit.csproj", "{888B4518-0F06-48AA-857C-19F3194036A2}"
EndProject
Global
	GlobalSection(SolutionConfigurationPlatforms) = preSolution
		Debug|Any CPU = Debug|Any CPU
		Release|Any CPU = Release|Any CPU
	EndGlobalSection
	GlobalSection(ProjectConfigurationPlatforms) = postSolution
		{888B4518-0F06-48AA-857C-19F3194036A2}.Debug|Any CPU.ActiveCfg = Debug|Any CPU
		{888B4518-0F06-48AA-857C-19F3194036A2}.Debug|Any CPU.Build.0 = Debug|Any CPU
		{888B4518-0F06-48AA-857C-19F3194036A2}.Release|Any CPU.ActiveCfg = Release|Any CPU
		{888B4518-0F06-48AA-857C-19F3194036A2}.Release|Any CPU.Build.0 = Release|Any CPU
	EndGlobalSection
	GlobalSection(SolutionProperties) = preSolution
		HideSolutionNode = FALSE
	EndGlobalSection
	GlobalSection(ExtensibilityGlobals) = postSolution
		SolutionGuid = {00DF8D4E-D6BA-4DA8-8F5D-E185D239000B}
	EndGlobalSection
EndGlobal
